{
  "name": "app-schema",
  "version": "1.0.0",
  "lockfileVersion": 2,
  "requires": true,
  "packages": {
    "": {
      "name": "app-schema",
      "version": "1.0.0",
      "license": "ISC",
      "devDependencies": {
        "json-schema-to-typescript": "^10.1.5"
      }
    },
    "node_modules/@apidevtools/json-schema-ref-parser": {
      "version": "9.0.9",
      "resolved": "https://artylab.expedia.biz/api/npm/public-npm-virtual/@apidevtools/json-schema-ref-parser/-/json-schema-ref-parser-9.0.9.tgz",
      "integrity": "sha1-1yD5JW42CWISgFhPK0euFlNZJos=",
      "dev": true,
      "license": "MIT",
      "dependencies": {
        "@jsdevtools/ono": "^7.1.3",
        "@types/json-schema": "^7.0.6",
        "call-me-maybe": "^1.0.1",
        "js-yaml": "^4.1.0"
      }
    },
    "node_modules/@jsdevtools/ono": {
      "version": "7.1.3",
      "resolved": "https://artylab.expedia.biz/api/npm/public-npm-virtual/@jsdevtools/ono/-/ono-7.1.3.tgz",
      "integrity": "sha1-nfA7vXxpalxYiFw0qgbaQchUN5Y=",
      "dev": true,
      "license": "MIT"
    },
    "node_modules/@types/glob": {
      "version": "7.2.0",
      "resolved": "https://artylab.expedia.biz/api/npm/public-npm-virtual/@types/glob/-/glob-7.2.0.tgz",
      "integrity": "sha1-vBtb86qS8lvV3TnzXFc2G9zlsus=",
      "dev": true,
      "license": "MIT",
      "dependencies": {
        "@types/minimatch": "*",
        "@types/node": "*"
      }
    },
    "node_modules/@types/json-schema": {
      "version": "7.0.11",
      "resolved": "https://artylab.expedia.biz/api/npm/public-npm-virtual/@types/json-schema/-/json-schema-7.0.11.tgz",
      "integrity": "sha1-1CG2xSejA398hEM/0sQingFoY9M=",
      "dev": true,
      "license": "MIT"
    },
    "node_modules/@types/lodash": {
      "version": "4.14.182",
      "resolved": "https://artylab.expedia.biz/api/npm/public-npm-virtual/@types/lodash/-/lodash-4.14.182.tgz",
      "integrity": "sha1-BTAaTV5iljIn6q/gzgTdd8VOpcI=",
      "dev": true,
      "license": "MIT"
    },
    "node_modules/@types/minimatch": {
      "version": "3.0.5",
      "resolved": "https://artylab.expedia.biz/api/npm/public-npm-virtual/@types/minimatch/-/minimatch-3.0.5.tgz",
      "integrity": "sha1-EAHMXmo3BLg8I2An538vWOoBD0A=",
      "dev": true,
      "license": "MIT"
    },
    "node_modules/@types/node": {
      "version": "17.0.34",
      "resolved": "https://artylab.expedia.biz/api/npm/public-npm-virtual/@types/node/-/node-17.0.34.tgz",
      "integrity": "sha1-OwtqUP95coC40ADGKB0in5xTjO8=",
      "dev": true,
      "license": "MIT"
    },
    "node_modules/@types/prettier": {
      "version": "2.6.1",
      "resolved": "https://artylab.expedia.biz/api/npm/public-npm-virtual/@types/prettier/-/prettier-2.6.1.tgz",
      "integrity": "sha1-ductinde73zmScY8isrhoIJLuu0=",
      "dev": true,
      "license": "MIT"
    },
    "node_modules/any-promise": {
      "version": "1.3.0",
      "resolved": "https://artylab.expedia.biz/api/npm/public-npm-virtual/any-promise/-/any-promise-1.3.0.tgz",
      "integrity": "sha1-q8av7tzqUugJzcA3au0845Y10X8=",
      "dev": true,
      "license": "MIT"
    },
    "node_modules/argparse": {
      "version": "2.0.1",
      "resolved": "https://artylab.expedia.biz/api/npm/public-npm-virtual/argparse/-/argparse-2.0.1.tgz",
      "integrity": "sha1-JG9Q88p4oyQPbJl+ipvR6sSeSzg=",
      "dev": true,
      "license": "Python-2.0"
    },
    "node_modules/balanced-match": {
      "version": "1.0.2",
      "resolved": "https://artylab.expedia.biz/api/npm/public-npm-virtual/balanced-match/-/balanced-match-1.0.2.tgz",
      "integrity": "sha1-6D46fj8wCzTLnYf2FfoMvzV2kO4=",
      "dev": true,
      "license": "MIT"
    },
    "node_modules/brace-expansion": {
      "version": "1.1.11",
      "resolved": "https://artylab.expedia.biz/api/npm/public-npm-virtual/brace-expansion/-/brace-expansion-1.1.11.tgz",
      "integrity": "sha1-PH/L9SnYcibz0vUrlm/1Jx60Qd0=",
      "dev": true,
      "license": "MIT",
      "dependencies": {
        "balanced-match": "^1.0.0",
        "concat-map": "0.0.1"
      }
    },
    "node_modules/call-me-maybe": {
      "version": "1.0.1",
      "resolved": "https://artylab.expedia.biz/api/npm/public-npm-virtual/call-me-maybe/-/call-me-maybe-1.0.1.tgz",
      "integrity": "sha1-JtII6onje1y95gJQoV8DHBak1ms=",
      "dev": true,
      "license": "MIT"
    },
    "node_modules/cli-color": {
      "version": "2.0.2",
      "resolved": "https://artylab.expedia.biz/api/npm/public-npm-virtual/cli-color/-/cli-color-2.0.2.tgz",
      "integrity": "sha1-4pWt265HCADe8CVBg8ZIUxzfTj8=",
      "dev": true,
      "license": "ISC",
      "dependencies": {
        "d": "^1.0.1",
        "es5-ext": "^0.10.59",
        "es6-iterator": "^2.0.3",
        "memoizee": "^0.4.15",
        "timers-ext": "^0.1.7"
      },
      "engines": {
        "node": ">=0.10"
      }
    },
    "node_modules/concat-map": {
      "version": "0.0.1",
      "resolved": "https://artylab.expedia.biz/api/npm/public-npm-virtual/concat-map/-/concat-map-0.0.1.tgz",
      "integrity": "sha1-2Klr13/Wjfd5OnMDajug1UBdR3s=",
      "dev": true,
      "license": "MIT"
    },
    "node_modules/d": {
      "version": "1.0.1",
      "resolved": "https://artylab.expedia.biz/api/npm/public-npm-virtual/d/-/d-1.0.1.tgz",
      "integrity": "sha1-hpgJU3LVjb7jRv/Qxwk/mfj561o=",
      "dev": true,
      "license": "ISC",
      "dependencies": {
        "es5-ext": "^0.10.50",
        "type": "^1.0.1"
      }
    },
    "node_modules/es5-ext": {
      "version": "0.10.61",
      "resolved": "https://artylab.expedia.biz/api/npm/public-npm-virtual/es5-ext/-/es5-ext-0.10.61.tgz",
      "integrity": "sha1-MR3jeUnvhraw3OqJTR/+25CdMmk=",
      "dev": true,
      "hasInstallScript": true,
      "license": "ISC",
      "dependencies": {
        "es6-iterator": "^2.0.3",
        "es6-symbol": "^3.1.3",
        "next-tick": "^1.1.0"
      },
      "engines": {
        "node": ">=0.10"
      }
    },
    "node_modules/es6-iterator": {
      "version": "2.0.3",
      "resolved": "https://artylab.expedia.biz/api/npm/public-npm-virtual/es6-iterator/-/es6-iterator-2.0.3.tgz",
      "integrity": "sha1-p96IkUGgWpSwhUQDstCg+/qY87c=",
      "dev": true,
      "license": "MIT",
      "dependencies": {
        "d": "1",
        "es5-ext": "^0.10.35",
        "es6-symbol": "^3.1.1"
      }
    },
    "node_modules/es6-symbol": {
      "version": "3.1.3",
      "resolved": "https://artylab.expedia.biz/api/npm/public-npm-virtual/es6-symbol/-/es6-symbol-3.1.3.tgz",
      "integrity": "sha1-utXTwbzawoJp9MszHkMceKxwXRg=",
      "dev": true,
      "license": "ISC",
      "dependencies": {
        "d": "^1.0.1",
        "ext": "^1.1.2"
      }
    },
    "node_modules/es6-weak-map": {
      "version": "2.0.3",
      "resolved": "https://artylab.expedia.biz/api/npm/public-npm-virtual/es6-weak-map/-/es6-weak-map-2.0.3.tgz",
      "integrity": "sha1-ttofFswswNm+Q+a9v8Xn383zHVM=",
      "dev": true,
      "license": "ISC",
      "dependencies": {
        "d": "1",
        "es5-ext": "^0.10.46",
        "es6-iterator": "^2.0.3",
        "es6-symbol": "^3.1.1"
      }
    },
    "node_modules/event-emitter": {
      "version": "0.3.5",
      "resolved": "https://artylab.expedia.biz/api/npm/public-npm-virtual/event-emitter/-/event-emitter-0.3.5.tgz",
      "integrity": "sha1-34xp7vFkeSPHFXuc6DhAYQsCzDk=",
      "dev": true,
      "license": "MIT",
      "dependencies": {
        "d": "1",
        "es5-ext": "~0.10.14"
      }
    },
    "node_modules/ext": {
      "version": "1.6.0",
      "resolved": "https://artylab.expedia.biz/api/npm/public-npm-virtual/ext/-/ext-1.6.0.tgz",
      "integrity": "sha1-OHHVBkHodMwXLitT+RmELRnbTFI=",
      "dev": true,
      "license": "ISC",
      "dependencies": {
        "type": "^2.5.0"
      }
    },
    "node_modules/ext/node_modules/type": {
      "version": "2.6.0",
      "resolved": "https://artylab.expedia.biz/api/npm/public-npm-virtual/type/-/type-2.6.0.tgz",
      "integrity": "sha1-PKYJmvWYHTbKhreEQpc2lCeKIZ8=",
      "dev": true,
      "license": "ISC"
    },
    "node_modules/fs.realpath": {
      "version": "1.0.0",
      "resolved": "https://artylab.expedia.biz/api/npm/public-npm-virtual/fs.realpath/-/fs.realpath-1.0.0.tgz",
      "integrity": "sha1-FQStJSMVjKpA20onh8sBQRmU6k8=",
      "dev": true,
      "license": "ISC"
    },
    "node_modules/get-stdin": {
      "version": "8.0.0",
      "resolved": "https://artylab.expedia.biz/api/npm/public-npm-virtual/get-stdin/-/get-stdin-8.0.0.tgz",
      "integrity": "sha1-y61qc/63X27rIrqeAfiaooqpelM=",
      "dev": true,
      "license": "MIT",
      "engines": {
        "node": ">=10"
      },
      "funding": {
        "url": "https://github.com/sponsors/sindresorhus"
      }
    },
    "node_modules/glob": {
      "version": "7.2.3",
      "resolved": "https://artylab.expedia.biz/api/npm/public-npm-virtual/glob/-/glob-7.2.3.tgz",
      "integrity": "sha1-uN8PuAK7+o6JvR2Ti04WV47UTys=",
      "dev": true,
      "license": "ISC",
      "dependencies": {
        "fs.realpath": "^1.0.0",
        "inflight": "^1.0.4",
        "inherits": "2",
        "minimatch": "^3.1.1",
        "once": "^1.3.0",
        "path-is-absolute": "^1.0.0"
      },
      "engines": {
        "node": "*"
      },
      "funding": {
        "url": "https://github.com/sponsors/isaacs"
      }
    },
    "node_modules/glob-promise": {
      "version": "3.4.0",
      "resolved": "https://artylab.expedia.biz/api/npm/public-npm-virtual/glob-promise/-/glob-promise-3.4.0.tgz",
      "integrity": "sha1-trjwhFBCFvcC3CzoybyayIZv2yA=",
      "dev": true,
      "license": "ISC",
      "dependencies": {
        "@types/glob": "*"
      },
      "engines": {
        "node": ">=4"
      },
      "peerDependencies": {
        "glob": "*"
      }
    },
    "node_modules/inflight": {
      "version": "1.0.6",
      "resolved": "https://artylab.expedia.biz/api/npm/public-npm-virtual/inflight/-/inflight-1.0.6.tgz",
      "integrity": "sha1-Sb1jMdfQLQwJvJEKEHW6gWW1bfk=",
      "dev": true,
      "license": "ISC",
      "dependencies": {
        "once": "^1.3.0",
        "wrappy": "1"
      }
    },
    "node_modules/inherits": {
      "version": "2.0.4",
      "resolved": "https://artylab.expedia.biz/api/npm/public-npm-virtual/inherits/-/inherits-2.0.4.tgz",
      "integrity": "sha1-D6LGT5MpF8NDOg3tVTY6rjdBa3w=",
      "dev": true,
      "license": "ISC"
    },
    "node_modules/is-extglob": {
      "version": "2.1.1",
      "resolved": "https://artylab.expedia.biz/api/npm/public-npm-virtual/is-extglob/-/is-extglob-2.1.1.tgz",
      "integrity": "sha1-qIwCU1eR8C7TfHahueqXc8gz+MI=",
      "dev": true,
      "license": "MIT",
      "engines": {
        "node": ">=0.10.0"
      }
    },
    "node_modules/is-glob": {
      "version": "4.0.3",
      "resolved": "https://artylab.expedia.biz/api/npm/public-npm-virtual/is-glob/-/is-glob-4.0.3.tgz",
      "integrity": "sha1-ZPYeQsu7LuwgcanawLKLoeZdUIQ=",
      "dev": true,
      "license": "MIT",
      "dependencies": {
        "is-extglob": "^2.1.1"
      },
      "engines": {
        "node": ">=0.10.0"
      }
    },
    "node_modules/is-promise": {
      "version": "2.2.2",
      "resolved": "https://artylab.expedia.biz/api/npm/public-npm-virtual/is-promise/-/is-promise-2.2.2.tgz",
      "integrity": "sha1-OauVnMv5p3TPB597QMeib3YxNfE=",
      "dev": true,
      "license": "MIT"
    },
    "node_modules/js-yaml": {
      "version": "4.1.0",
      "resolved": "https://artylab.expedia.biz/api/npm/public-npm-virtual/js-yaml/-/js-yaml-4.1.0.tgz",
      "integrity": "sha1-wftl+PUBeQHN0slRhkuhhFihBgI=",
      "dev": true,
      "license": "MIT",
      "dependencies": {
        "argparse": "^2.0.1"
      },
      "bin": {
        "js-yaml": "bin/js-yaml.js"
      }
    },
    "node_modules/json-schema-ref-parser": {
      "version": "9.0.9",
      "resolved": "https://artylab.expedia.biz/api/npm/public-npm-virtual/json-schema-ref-parser/-/json-schema-ref-parser-9.0.9.tgz",
      "integrity": "sha1-ZupTjnRQsSrzQvo9W4RYvB4eAT8=",
      "dev": true,
      "license": "MIT",
      "dependencies": {
        "@apidevtools/json-schema-ref-parser": "9.0.9"
      },
      "engines": {
        "node": ">=10"
      }
    },
    "node_modules/json-schema-to-typescript": {
      "version": "10.1.5",
      "resolved": "https://artylab.expedia.biz/api/npm/public-npm-virtual/json-schema-to-typescript/-/json-schema-to-typescript-10.1.5.tgz",
      "integrity": "sha1-msMoCOtNfBWGhOJwQ4rQclbAyxw=",
      "dev": true,
      "license": "MIT",
      "dependencies": {
        "@types/json-schema": "^7.0.6",
        "@types/lodash": "^4.14.168",
        "@types/prettier": "^2.1.5",
        "cli-color": "^2.0.0",
        "get-stdin": "^8.0.0",
        "glob": "^7.1.6",
        "glob-promise": "^3.4.0",
        "is-glob": "^4.0.1",
        "json-schema-ref-parser": "^9.0.6",
        "json-stringify-safe": "^5.0.1",
        "lodash": "^4.17.20",
        "minimist": "^1.2.5",
        "mkdirp": "^1.0.4",
        "mz": "^2.7.0",
        "prettier": "^2.2.0"
      },
      "bin": {
        "json2ts": "dist/src/cli.js"
      },
      "engines": {
        "node": ">=10.0.0"
      }
    },
    "node_modules/json-stringify-safe": {
      "version": "5.0.1",
      "resolved": "https://artylab.expedia.biz/api/npm/public-npm-virtual/json-stringify-safe/-/json-stringify-safe-5.0.1.tgz",
      "integrity": "sha1-Epai1Y/UXxmg9s4B1lcB4sc1tus=",
      "dev": true,
      "license": "ISC"
    },
    "node_modules/lodash": {
      "version": "4.17.21",
      "resolved": "https://artylab.expedia.biz/api/npm/public-npm-virtual/lodash/-/lodash-4.17.21.tgz",
      "integrity": "sha1-Z5WRxWTDv/quhFTPCz3zcMPWkRw=",
      "dev": true,
      "license": "MIT"
    },
    "node_modules/lru-queue": {
      "version": "0.1.0",
      "resolved": "https://artylab.expedia.biz/api/npm/public-npm-virtual/lru-queue/-/lru-queue-0.1.0.tgz",
      "integrity": "sha1-Jzi9nw089PhEkMVzbEhpmsYyzaM=",
      "dev": true,
      "license": "MIT",
      "dependencies": {
        "es5-ext": "~0.10.2"
      }
    },
    "node_modules/memoizee": {
      "version": "0.4.15",
      "resolved": "https://artylab.expedia.biz/api/npm/public-npm-virtual/memoizee/-/memoizee-0.4.15.tgz",
      "integrity": "sha1-5vPS2oY/MY0CIlORgppsWVZVW3I=",
      "dev": true,
      "license": "ISC",
      "dependencies": {
        "d": "^1.0.1",
        "es5-ext": "^0.10.53",
        "es6-weak-map": "^2.0.3",
        "event-emitter": "^0.3.5",
        "is-promise": "^2.2.2",
        "lru-queue": "^0.1.0",
        "next-tick": "^1.1.0",
        "timers-ext": "^0.1.7"
      }
    },
    "node_modules/minimatch": {
      "version": "3.1.2",
      "resolved": "https://artylab.expedia.biz/api/npm/public-npm-virtual/minimatch/-/minimatch-3.1.2.tgz",
      "integrity": "sha1-Gc0ZS/0+Qo8EmnCBfAONiatL41s=",
      "dev": true,
      "license": "ISC",
      "dependencies": {
        "brace-expansion": "^1.1.7"
      },
      "engines": {
        "node": "*"
      }
    },
    "node_modules/minimist": {
      "version": "1.2.6",
      "resolved": "https://artylab.expedia.biz/api/npm/public-npm-virtual/minimist/-/minimist-1.2.6.tgz",
      "integrity": "sha1-hjelt1nqDW6YcCz7OpKDMjyTr0Q=",
      "dev": true,
      "license": "MIT"
    },
    "node_modules/mkdirp": {
      "version": "1.0.4",
      "resolved": "https://artylab.expedia.biz/api/npm/public-npm-virtual/mkdirp/-/mkdirp-1.0.4.tgz",
      "integrity": "sha1-PrXtYmInVteaXw4qIh3+utdcL34=",
      "dev": true,
      "license": "MIT",
      "bin": {
        "mkdirp": "bin/cmd.js"
      },
      "engines": {
        "node": ">=10"
      }
    },
    "node_modules/mz": {
      "version": "2.7.0",
      "resolved": "https://artylab.expedia.biz/api/npm/public-npm-virtual/mz/-/mz-2.7.0.tgz",
      "integrity": "sha1-lQCAV6Vsr63CvGPd5/n/aVWUjjI=",
      "dev": true,
      "license": "MIT",
      "dependencies": {
        "any-promise": "^1.0.0",
        "object-assign": "^4.0.1",
        "thenify-all": "^1.0.0"
      }
    },
    "node_modules/next-tick": {
      "version": "1.1.0",
      "resolved": "https://artylab.expedia.biz/api/npm/public-npm-virtual/next-tick/-/next-tick-1.1.0.tgz",
      "integrity": "sha1-GDbuMK1W1n7ygbIr0Zn3CUSbNes=",
      "dev": true,
      "license": "ISC"
    },
    "node_modules/object-assign": {
      "version": "4.1.1",
      "resolved": "https://artylab.expedia.biz/api/npm/public-npm-virtual/object-assign/-/object-assign-4.1.1.tgz",
      "integrity": "sha1-IQmtx5ZYh8/AXLvUQsrIv7s2CGM=",
      "dev": true,
      "license": "MIT",
      "engines": {
        "node": ">=0.10.0"
      }
    },
    "node_modules/once": {
      "version": "1.4.0",
      "resolved": "https://artylab.expedia.biz/api/npm/public-npm-virtual/once/-/once-1.4.0.tgz",
      "integrity": "sha1-WDsap3WWHUsROsF9nFC6753Xa9E=",
      "dev": true,
      "license": "ISC",
      "dependencies": {
        "wrappy": "1"
      }
    },
    "node_modules/path-is-absolute": {
      "version": "1.0.1",
      "resolved": "https://artylab.expedia.biz/api/npm/public-npm-virtual/path-is-absolute/-/path-is-absolute-1.0.1.tgz",
      "integrity": "sha1-F0uSaHNVNP+8es5r9TpanhtcX18=",
      "dev": true,
      "license": "MIT",
      "engines": {
        "node": ">=0.10.0"
      }
    },
    "node_modules/prettier": {
      "version": "2.6.2",
      "resolved": "https://artylab.expedia.biz/api/npm/public-npm-virtual/prettier/-/prettier-2.6.2.tgz",
      "integrity": "sha1-4m1xoYp0w9DwWX9V8B+2wGwgYDI=",
      "dev": true,
      "license": "MIT",
      "bin": {
        "prettier": "bin-prettier.js"
      },
      "engines": {
        "node": ">=10.13.0"
      },
      "funding": {
        "url": "https://github.com/prettier/prettier?sponsor=1"
      }
    },
    "node_modules/thenify": {
      "version": "3.3.1",
      "resolved": "https://artylab.expedia.biz/api/npm/public-npm-virtual/thenify/-/thenify-3.3.1.tgz",
      "integrity": "sha1-iTLmhqQGYDigFt2eLKRq3Zg4qV8=",
      "dev": true,
      "license": "MIT",
      "dependencies": {
        "any-promise": "^1.0.0"
      }
    },
    "node_modules/thenify-all": {
      "version": "1.6.0",
      "resolved": "https://artylab.expedia.biz/api/npm/public-npm-virtual/thenify-all/-/thenify-all-1.6.0.tgz",
      "integrity": "sha1-GhkY1ALY/D+Y+/I02wvMjMEOlyY=",
      "dev": true,
      "license": "MIT",
      "dependencies": {
        "thenify": ">= 3.1.0 < 4"
      },
      "engines": {
        "node": ">=0.8"
      }
    },
    "node_modules/timers-ext": {
      "version": "0.1.7",
      "resolved": "https://artylab.expedia.biz/api/npm/public-npm-virtual/timers-ext/-/timers-ext-0.1.7.tgz",
      "integrity": "sha1-b1ethXjgej+5+R2Th9ZWR1VeJcY=",
      "dev": true,
      "license": "ISC",
      "dependencies": {
        "es5-ext": "~0.10.46",
        "next-tick": "1"
      }
    },
    "node_modules/type": {
      "version": "1.2.0",
      "resolved": "https://artylab.expedia.biz/api/npm/public-npm-virtual/type/-/type-1.2.0.tgz",
      "integrity": "sha1-hI3XaY2vo+VKbEeedZxLw/GIR6A=",
      "dev": true,
      "license": "ISC"
    },
    "node_modules/wrappy": {
      "version": "1.0.2",
      "resolved": "https://artylab.expedia.biz/api/npm/public-npm-virtual/wrappy/-/wrappy-1.0.2.tgz",
      "integrity": "sha1-tSQ9jz7BqjXxNkYFvA0QNuMKtp8=",
      "dev": true,
      "license": "ISC"
    }
  },
  "dependencies": {
    "@apidevtools/json-schema-ref-parser": {
      "version": "9.0.9",
      "resolved": "https://artylab.expedia.biz/api/npm/public-npm-virtual/@apidevtools/json-schema-ref-parser/-/json-schema-ref-parser-9.0.9.tgz",
      "integrity": "sha1-1yD5JW42CWISgFhPK0euFlNZJos=",
      "dev": true,
      "requires": {
        "@jsdevtools/ono": "^7.1.3",
        "@types/json-schema": "^7.0.6",
        "call-me-maybe": "^1.0.1",
        "js-yaml": "^4.1.0"
      }
    },
    "@jsdevtools/ono": {
      "version": "7.1.3",
      "resolved": "https://artylab.expedia.biz/api/npm/public-npm-virtual/@jsdevtools/ono/-/ono-7.1.3.tgz",
      "integrity": "sha1-nfA7vXxpalxYiFw0qgbaQchUN5Y=",
      "dev": true
    },
    "@types/glob": {
      "version": "7.2.0",
      "resolved": "https://artylab.expedia.biz/api/npm/public-npm-virtual/@types/glob/-/glob-7.2.0.tgz",
      "integrity": "sha1-vBtb86qS8lvV3TnzXFc2G9zlsus=",
      "dev": true,
      "requires": {
        "@types/minimatch": "*",
        "@types/node": "*"
      }
    },
    "@types/json-schema": {
      "version": "7.0.11",
      "resolved": "https://artylab.expedia.biz/api/npm/public-npm-virtual/@types/json-schema/-/json-schema-7.0.11.tgz",
      "integrity": "sha1-1CG2xSejA398hEM/0sQingFoY9M=",
      "dev": true
    },
    "@types/lodash": {
      "version": "4.14.182",
      "resolved": "https://artylab.expedia.biz/api/npm/public-npm-virtual/@types/lodash/-/lodash-4.14.182.tgz",
      "integrity": "sha1-BTAaTV5iljIn6q/gzgTdd8VOpcI=",
      "dev": true
    },
    "@types/minimatch": {
      "version": "3.0.5",
      "resolved": "https://artylab.expedia.biz/api/npm/public-npm-virtual/@types/minimatch/-/minimatch-3.0.5.tgz",
      "integrity": "sha1-EAHMXmo3BLg8I2An538vWOoBD0A=",
      "dev": true
    },
    "@types/node": {
      "version": "17.0.34",
      "resolved": "https://artylab.expedia.biz/api/npm/public-npm-virtual/@types/node/-/node-17.0.34.tgz",
      "integrity": "sha1-OwtqUP95coC40ADGKB0in5xTjO8=",
      "dev": true
    },
    "@types/prettier": {
      "version": "2.6.1",
      "resolved": "https://artylab.expedia.biz/api/npm/public-npm-virtual/@types/prettier/-/prettier-2.6.1.tgz",
      "integrity": "sha1-ductinde73zmScY8isrhoIJLuu0=",
      "dev": true
    },
    "any-promise": {
      "version": "1.3.0",
      "resolved": "https://artylab.expedia.biz/api/npm/public-npm-virtual/any-promise/-/any-promise-1.3.0.tgz",
      "integrity": "sha1-q8av7tzqUugJzcA3au0845Y10X8=",
      "dev": true
    },
    "argparse": {
      "version": "2.0.1",
      "resolved": "https://artylab.expedia.biz/api/npm/public-npm-virtual/argparse/-/argparse-2.0.1.tgz",
      "integrity": "sha1-JG9Q88p4oyQPbJl+ipvR6sSeSzg=",
      "dev": true
    },
    "balanced-match": {
      "version": "1.0.2",
      "resolved": "https://artylab.expedia.biz/api/npm/public-npm-virtual/balanced-match/-/balanced-match-1.0.2.tgz",
      "integrity": "sha1-6D46fj8wCzTLnYf2FfoMvzV2kO4=",
      "dev": true
    },
    "brace-expansion": {
      "version": "1.1.11",
      "resolved": "https://artylab.expedia.biz/api/npm/public-npm-virtual/brace-expansion/-/brace-expansion-1.1.11.tgz",
      "integrity": "sha1-PH/L9SnYcibz0vUrlm/1Jx60Qd0=",
      "dev": true,
      "requires": {
        "balanced-match": "^1.0.0",
        "concat-map": "0.0.1"
      }
    },
    "call-me-maybe": {
      "version": "1.0.1",
      "resolved": "https://artylab.expedia.biz/api/npm/public-npm-virtual/call-me-maybe/-/call-me-maybe-1.0.1.tgz",
      "integrity": "sha1-JtII6onje1y95gJQoV8DHBak1ms=",
      "dev": true
    },
    "cli-color": {
      "version": "2.0.2",
      "resolved": "https://artylab.expedia.biz/api/npm/public-npm-virtual/cli-color/-/cli-color-2.0.2.tgz",
      "integrity": "sha1-4pWt265HCADe8CVBg8ZIUxzfTj8=",
      "dev": true,
      "requires": {
        "d": "^1.0.1",
        "es5-ext": "^0.10.59",
        "es6-iterator": "^2.0.3",
        "memoizee": "^0.4.15",
        "timers-ext": "^0.1.7"
      }
    },
    "concat-map": {
      "version": "0.0.1",
      "resolved": "https://artylab.expedia.biz/api/npm/public-npm-virtual/concat-map/-/concat-map-0.0.1.tgz",
      "integrity": "sha1-2Klr13/Wjfd5OnMDajug1UBdR3s=",
      "dev": true
    },
    "d": {
      "version": "1.0.1",
      "resolved": "https://artylab.expedia.biz/api/npm/public-npm-virtual/d/-/d-1.0.1.tgz",
      "integrity": "sha1-hpgJU3LVjb7jRv/Qxwk/mfj561o=",
      "dev": true,
      "requires": {
        "es5-ext": "^0.10.50",
        "type": "^1.0.1"
      }
    },
    "es5-ext": {
      "version": "0.10.61",
      "resolved": "https://artylab.expedia.biz/api/npm/public-npm-virtual/es5-ext/-/es5-ext-0.10.61.tgz",
      "integrity": "sha1-MR3jeUnvhraw3OqJTR/+25CdMmk=",
      "dev": true,
      "requires": {
        "es6-iterator": "^2.0.3",
        "es6-symbol": "^3.1.3",
        "next-tick": "^1.1.0"
      }
    },
    "es6-iterator": {
      "version": "2.0.3",
      "resolved": "https://artylab.expedia.biz/api/npm/public-npm-virtual/es6-iterator/-/es6-iterator-2.0.3.tgz",
      "integrity": "sha1-p96IkUGgWpSwhUQDstCg+/qY87c=",
      "dev": true,
      "requires": {
        "d": "1",
        "es5-ext": "^0.10.35",
        "es6-symbol": "^3.1.1"
      }
    },
    "es6-symbol": {
      "version": "3.1.3",
      "resolved": "https://artylab.expedia.biz/api/npm/public-npm-virtual/es6-symbol/-/es6-symbol-3.1.3.tgz",
      "integrity": "sha1-utXTwbzawoJp9MszHkMceKxwXRg=",
      "dev": true,
      "requires": {
        "d": "^1.0.1",
        "ext": "^1.1.2"
      }
    },
    "es6-weak-map": {
      "version": "2.0.3",
      "resolved": "https://artylab.expedia.biz/api/npm/public-npm-virtual/es6-weak-map/-/es6-weak-map-2.0.3.tgz",
      "integrity": "sha1-ttofFswswNm+Q+a9v8Xn383zHVM=",
      "dev": true,
      "requires": {
        "d": "1",
        "es5-ext": "^0.10.46",
        "es6-iterator": "^2.0.3",
        "es6-symbol": "^3.1.1"
      }
    },
    "event-emitter": {
      "version": "0.3.5",
      "resolved": "https://artylab.expedia.biz/api/npm/public-npm-virtual/event-emitter/-/event-emitter-0.3.5.tgz",
      "integrity": "sha1-34xp7vFkeSPHFXuc6DhAYQsCzDk=",
      "dev": true,
      "requires": {
        "d": "1",
        "es5-ext": "~0.10.14"
      }
    },
    "ext": {
      "version": "1.6.0",
      "resolved": "https://artylab.expedia.biz/api/npm/public-npm-virtual/ext/-/ext-1.6.0.tgz",
      "integrity": "sha1-OHHVBkHodMwXLitT+RmELRnbTFI=",
      "dev": true,
      "requires": {
        "type": "^2.5.0"
      },
      "dependencies": {
        "type": {
          "version": "2.6.0",
          "resolved": "https://artylab.expedia.biz/api/npm/public-npm-virtual/type/-/type-2.6.0.tgz",
          "integrity": "sha1-PKYJmvWYHTbKhreEQpc2lCeKIZ8=",
          "dev": true
        }
      }
    },
    "fs.realpath": {
      "version": "1.0.0",
      "resolved": "https://artylab.expedia.biz/api/npm/public-npm-virtual/fs.realpath/-/fs.realpath-1.0.0.tgz",
      "integrity": "sha1-FQStJSMVjKpA20onh8sBQRmU6k8=",
      "dev": true
    },
    "get-stdin": {
      "version": "8.0.0",
      "resolved": "https://artylab.expedia.biz/api/npm/public-npm-virtual/get-stdin/-/get-stdin-8.0.0.tgz",
      "integrity": "sha1-y61qc/63X27rIrqeAfiaooqpelM=",
      "dev": true
    },
    "glob": {
      "version": "7.2.3",
      "resolved": "https://artylab.expedia.biz/api/npm/public-npm-virtual/glob/-/glob-7.2.3.tgz",
      "integrity": "sha1-uN8PuAK7+o6JvR2Ti04WV47UTys=",
      "dev": true,
      "requires": {
        "fs.realpath": "^1.0.0",
        "inflight": "^1.0.4",
        "inherits": "2",
        "minimatch": "^3.1.1",
        "once": "^1.3.0",
        "path-is-absolute": "^1.0.0"
      }
    },
    "glob-promise": {
      "version": "3.4.0",
      "resolved": "https://artylab.expedia.biz/api/npm/public-npm-virtual/glob-promise/-/glob-promise-3.4.0.tgz",
      "integrity": "sha1-trjwhFBCFvcC3CzoybyayIZv2yA=",
      "dev": true,
      "requires": {
        "@types/glob": "*"
      }
    },
    "inflight": {
      "version": "1.0.6",
      "resolved": "https://artylab.expedia.biz/api/npm/public-npm-virtual/inflight/-/inflight-1.0.6.tgz",
      "integrity": "sha1-Sb1jMdfQLQwJvJEKEHW6gWW1bfk=",
      "dev": true,
      "requires": {
        "once": "^1.3.0",
        "wrappy": "1"
      }
    },
    "inherits": {
      "version": "2.0.4",
      "resolved": "https://artylab.expedia.biz/api/npm/public-npm-virtual/inherits/-/inherits-2.0.4.tgz",
      "integrity": "sha1-D6LGT5MpF8NDOg3tVTY6rjdBa3w=",
      "dev": true
    },
    "is-extglob": {
      "version": "2.1.1",
      "resolved": "https://artylab.expedia.biz/api/npm/public-npm-virtual/is-extglob/-/is-extglob-2.1.1.tgz",
      "integrity": "sha1-qIwCU1eR8C7TfHahueqXc8gz+MI=",
      "dev": true
    },
    "is-glob": {
      "version": "4.0.3",
      "resolved": "https://artylab.expedia.biz/api/npm/public-npm-virtual/is-glob/-/is-glob-4.0.3.tgz",
      "integrity": "sha1-ZPYeQsu7LuwgcanawLKLoeZdUIQ=",
      "dev": true,
      "requires": {
        "is-extglob": "^2.1.1"
      }
    },
    "is-promise": {
      "version": "2.2.2",
      "resolved": "https://artylab.expedia.biz/api/npm/public-npm-virtual/is-promise/-/is-promise-2.2.2.tgz",
      "integrity": "sha1-OauVnMv5p3TPB597QMeib3YxNfE=",
      "dev": true
    },
    "js-yaml": {
      "version": "4.1.0",
      "resolved": "https://artylab.expedia.biz/api/npm/public-npm-virtual/js-yaml/-/js-yaml-4.1.0.tgz",
      "integrity": "sha1-wftl+PUBeQHN0slRhkuhhFihBgI=",
      "dev": true,
      "requires": {
        "argparse": "^2.0.1"
      }
    },
    "json-schema-ref-parser": {
      "version": "9.0.9",
      "resolved": "https://artylab.expedia.biz/api/npm/public-npm-virtual/json-schema-ref-parser/-/json-schema-ref-parser-9.0.9.tgz",
      "integrity": "sha1-ZupTjnRQsSrzQvo9W4RYvB4eAT8=",
      "dev": true,
      "requires": {
        "@apidevtools/json-schema-ref-parser": "9.0.9"
      }
    },
    "json-schema-to-typescript": {
      "version": "10.1.5",
      "resolved": "https://artylab.expedia.biz/api/npm/public-npm-virtual/json-schema-to-typescript/-/json-schema-to-typescript-10.1.5.tgz",
      "integrity": "sha1-msMoCOtNfBWGhOJwQ4rQclbAyxw=",
      "dev": true,
      "requires": {
        "@types/json-schema": "^7.0.6",
        "@types/lodash": "^4.14.168",
        "@types/prettier": "^2.1.5",
        "cli-color": "^2.0.0",
        "get-stdin": "^8.0.0",
        "glob": "^7.1.6",
        "glob-promise": "^3.4.0",
        "is-glob": "^4.0.1",
        "json-schema-ref-parser": "^9.0.6",
        "json-stringify-safe": "^5.0.1",
        "lodash": "^4.17.20",
        "minimist": "^1.2.5",
        "mkdirp": "^1.0.4",
        "mz": "^2.7.0",
        "prettier": "^2.2.0"
      }
    },
    "json-stringify-safe": {
      "version": "5.0.1",
      "resolved": "https://artylab.expedia.biz/api/npm/public-npm-virtual/json-stringify-safe/-/json-stringify-safe-5.0.1.tgz",
      "integrity": "sha1-Epai1Y/UXxmg9s4B1lcB4sc1tus=",
      "dev": true
    },
    "lodash": {
      "version": "4.17.21",
      "resolved": "https://artylab.expedia.biz/api/npm/public-npm-virtual/lodash/-/lodash-4.17.21.tgz",
      "integrity": "sha1-Z5WRxWTDv/quhFTPCz3zcMPWkRw=",
      "dev": true
    },
    "lru-queue": {
      "version": "0.1.0",
      "resolved": "https://artylab.expedia.biz/api/npm/public-npm-virtual/lru-queue/-/lru-queue-0.1.0.tgz",
      "integrity": "sha1-Jzi9nw089PhEkMVzbEhpmsYyzaM=",
      "dev": true,
      "requires": {
        "es5-ext": "~0.10.2"
      }
    },
    "memoizee": {
      "version": "0.4.15",
      "resolved": "https://artylab.expedia.biz/api/npm/public-npm-virtual/memoizee/-/memoizee-0.4.15.tgz",
      "integrity": "sha1-5vPS2oY/MY0CIlORgppsWVZVW3I=",
      "dev": true,
      "requires": {
        "d": "^1.0.1",
        "es5-ext": "^0.10.53",
        "es6-weak-map": "^2.0.3",
        "event-emitter": "^0.3.5",
        "is-promise": "^2.2.2",
        "lru-queue": "^0.1.0",
        "next-tick": "^1.1.0",
        "timers-ext": "^0.1.7"
      }
    },
    "minimatch": {
      "version": "3.1.2",
      "resolved": "https://artylab.expedia.biz/api/npm/public-npm-virtual/minimatch/-/minimatch-3.1.2.tgz",
      "integrity": "sha1-Gc0ZS/0+Qo8EmnCBfAONiatL41s=",
      "dev": true,
      "requires": {
        "brace-expansion": "^1.1.7"
      }
    },
    "minimist": {
      "version": "1.2.6",
      "resolved": "https://artylab.expedia.biz/api/npm/public-npm-virtual/minimist/-/minimist-1.2.6.tgz",
      "integrity": "sha1-hjelt1nqDW6YcCz7OpKDMjyTr0Q=",
      "dev": true
    },
    "mkdirp": {
      "version": "1.0.4",
      "resolved": "https://artylab.expedia.biz/api/npm/public-npm-virtual/mkdirp/-/mkdirp-1.0.4.tgz",
      "integrity": "sha1-PrXtYmInVteaXw4qIh3+utdcL34=",
      "dev": true
    },
    "mz": {
      "version": "2.7.0",
      "resolved": "https://artylab.expedia.biz/api/npm/public-npm-virtual/mz/-/mz-2.7.0.tgz",
      "integrity": "sha1-lQCAV6Vsr63CvGPd5/n/aVWUjjI=",
      "dev": true,
      "requires": {
        "any-promise": "^1.0.0",
        "object-assign": "^4.0.1",
        "thenify-all": "^1.0.0"
      }
    },
    "next-tick": {
      "version": "1.1.0",
      "resolved": "https://artylab.expedia.biz/api/npm/public-npm-virtual/next-tick/-/next-tick-1.1.0.tgz",
      "integrity": "sha1-GDbuMK1W1n7ygbIr0Zn3CUSbNes=",
      "dev": true
    },
    "object-assign": {
      "version": "4.1.1",
      "resolved": "https://artylab.expedia.biz/api/npm/public-npm-virtual/object-assign/-/object-assign-4.1.1.tgz",
      "integrity": "sha1-IQmtx5ZYh8/AXLvUQsrIv7s2CGM=",
      "dev": true
    },
    "once": {
      "version": "1.4.0",
      "resolved": "https://artylab.expedia.biz/api/npm/public-npm-virtual/once/-/once-1.4.0.tgz",
      "integrity": "sha1-WDsap3WWHUsROsF9nFC6753Xa9E=",
      "dev": true,
      "requires": {
        "wrappy": "1"
      }
    },
    "path-is-absolute": {
      "version": "1.0.1",
      "resolved": "https://artylab.expedia.biz/api/npm/public-npm-virtual/path-is-absolute/-/path-is-absolute-1.0.1.tgz",
      "integrity": "sha1-F0uSaHNVNP+8es5r9TpanhtcX18=",
      "dev": true
    },
    "prettier": {
      "version": "2.6.2",
      "resolved": "https://artylab.expedia.biz/api/npm/public-npm-virtual/prettier/-/prettier-2.6.2.tgz",
      "integrity": "sha1-4m1xoYp0w9DwWX9V8B+2wGwgYDI=",
      "dev": true
    },
    "thenify": {
      "version": "3.3.1",
      "resolved": "https://artylab.expedia.biz/api/npm/public-npm-virtual/thenify/-/thenify-3.3.1.tgz",
      "integrity": "sha1-iTLmhqQGYDigFt2eLKRq3Zg4qV8=",
      "dev": true,
      "requires": {
        "any-promise": "^1.0.0"
      }
    },
    "thenify-all": {
      "version": "1.6.0",
      "resolved": "https://artylab.expedia.biz/api/npm/public-npm-virtual/thenify-all/-/thenify-all-1.6.0.tgz",
      "integrity": "sha1-GhkY1ALY/D+Y+/I02wvMjMEOlyY=",
      "dev": true,
      "requires": {
        "thenify": ">= 3.1.0 < 4"
      }
    },
    "timers-ext": {
      "version": "0.1.7",
      "resolved": "https://artylab.expedia.biz/api/npm/public-npm-virtual/timers-ext/-/timers-ext-0.1.7.tgz",
      "integrity": "sha1-b1ethXjgej+5+R2Th9ZWR1VeJcY=",
      "dev": true,
      "requires": {
        "es5-ext": "~0.10.46",
        "next-tick": "1"
      }
    },
    "type": {
      "version": "1.2.0",
      "resolved": "https://artylab.expedia.biz/api/npm/public-npm-virtual/type/-/type-1.2.0.tgz",
      "integrity": "sha1-hI3XaY2vo+VKbEeedZxLw/GIR6A=",
      "dev": true
    },
    "wrappy": {
      "version": "1.0.2",
      "resolved": "https://artylab.expedia.biz/api/npm/public-npm-virtual/wrappy/-/wrappy-1.0.2.tgz",
      "integrity": "sha1-tSQ9jz7BqjXxNkYFvA0QNuMKtp8=",
      "dev": true
    }
  }
}
